
Microsoft Visual Studio Solution File, Format Version 12.00
# Visual Studio 2013
VisualStudioVersion = 12.0.30723.0
MinimumVisualStudioVersion = 10.0.40219.1
Project("{FAE04EC0-301F-11D3-BF4B-00C04F79EFBC}") = "UnitTestTalk", "UnitTestTalk\UnitTestTalk.csproj", "{08ADBBA6-50BC-4C34-A82B-F3AE45483DC2}"
EndProject
Project("{FAE04EC0-301F-11D3-BF4B-00C04F79EFBC}") = "UnitTestTalk.Tests.Unit", "UnitTestTalk.Tests.Unit\UnitTestTalk.Tests.Unit.csproj", "{355D7B27-CD0D-420E-B15A-EDB0E6765995}"
EndProject
Global
	GlobalSection(SolutionConfigurationPlatforms) = preSolution
		Debug|Any CPU = Debug|Any CPU
		Release|Any CPU = Release|Any CPU
	EndGlobalSection
	GlobalSection(ProjectConfigurationPlatforms) = postSolution
		{08ADBBA6-50BC-4C34-A82B-F3AE45483DC2}.Debug|Any CPU.ActiveCfg = Debug|Any CPU
		{08ADBBA6-50BC-4C34-A82B-F3AE45483DC2}.Debug|Any CPU.Build.0 = Debug|Any CPU
		{08ADBBA6-50BC-4C34-A82B-F3AE45483DC2}.Release|Any CPU.ActiveCfg = Release|Any CPU
		{08ADBBA6-50BC-4C34-A82B-F3AE45483DC2}.Release|Any CPU.Build.0 = Release|Any CPU
		{355D7B27-CD0D-420E-B15A-EDB0E6765995}.Debug|Any CPU.ActiveCfg = Debug|Any CPU
		{355D7B27-CD0D-420E-B15A-EDB0E6765995}.Debug|Any CPU.Build.0 = Debug|Any CPU
		{355D7B27-CD0D-420E-B15A-EDB0E6765995}.Release|Any CPU.ActiveCfg = Release|Any CPU
		{355D7B27-CD0D-420E-B15A-EDB0E6765995}.Release|Any CPU.Build.0 = Release|Any CPU
	EndGlobalSection
	GlobalSection(SolutionProperties) = preSolution
		HideSolutionNode = FALSE
	EndGlobalSection
EndGlobal
